// !$*UTF8*$!
{
	archiveVersion = 1;
	classes = {
	};
	objectVersion = 51;
	objects = {

/* Begin PBXBuildFile section */
		2A31ECA2241B6A8500FBA461 /* Demo.db in Resources */ = {isa = PBXBuildFile; fileRef = 2A31ECA1241B6A8500FBA461 /* Demo.db */; };
		2AAC0361241AB0B70083A6BE /* AppDelegate.swift in Sources */ = {isa = PBXBuildFile; fileRef = 2AAC0360241AB0B70083A6BE /* AppDelegate.swift */; };
		2AAC0363241AB0B70083A6BE /* SceneDelegate.swift in Sources */ = {isa = PBXBuildFile; fileRef = 2AAC0362241AB0B70083A6BE /* SceneDelegate.swift */; };
		2AAC0365241AB0B70083A6BE /* InitialViewController.swift in Sources */ = {isa = PBXBuildFile; fileRef = 2AAC0364241AB0B70083A6BE /* InitialViewController.swift */; };
		2AAC0368241AB0B70083A6BE /* Main.storyboard in Resources */ = {isa = PBXBuildFile; fileRef = 2AAC0366241AB0B70083A6BE /* Main.storyboard */; };
		2AAC036A241AB0B80083A6BE /* Assets.xcassets in Resources */ = {isa = PBXBuildFile; fileRef = 2AAC0369241AB0B80083A6BE /* Assets.xcassets */; };
		2AAC036D241AB0B80083A6BE /* LaunchScreen.storyboard in Resources */ = {isa = PBXBuildFile; fileRef = 2AAC036B241AB0B80083A6BE /* LaunchScreen.storyboard */; };
		2AAC0377241AB8800083A6BE /* Database.swift in Sources */ = {isa = PBXBuildFile; fileRef = 2AAC0375241AB8800083A6BE /* Database.swift */; };
		2AAC0378241AB8800083A6BE /* Schema.swift in Sources */ = {isa = PBXBuildFile; fileRef = 2AAC0376241AB8800083A6BE /* Schema.swift */; };
		2AAC037A241AB8D30083A6BE /* libsqlite3.tbd in Frameworks */ = {isa = PBXBuildFile; fileRef = 2AAC0379241AB8BD0083A6BE /* libsqlite3.tbd */; };
		2AAC0380241ABAE50083A6BE /* Resources.bundle in Resources */ = {isa = PBXBuildFile; fileRef = 2AAC037E241ABAE50083A6BE /* Resources.bundle */; };
		2AAC0381241ABAE50083A6BE /* SandboxBrowser.swift in Sources */ = {isa = PBXBuildFile; fileRef = 2AAC037F241ABAE50083A6BE /* SandboxBrowser.swift */; };
		2AAC0385241ACC850083A6BE /* TablesViewController.swift in Sources */ = {isa = PBXBuildFile; fileRef = 2AAC0384241ACC850083A6BE /* TablesViewController.swift */; };
		2AAC038C241AD1F60083A6BE /* BrowseViewController.swift in Sources */ = {isa = PBXBuildFile; fileRef = 2AAC0389241AD1F60083A6BE /* BrowseViewController.swift */; };
		2AAC038D241AD1F60083A6BE /* HeaderCell.swift in Sources */ = {isa = PBXBuildFile; fileRef = 2AAC038A241AD1F60083A6BE /* HeaderCell.swift */; };
		2AAC038E241AD1F60083A6BE /* DetailViewController.swift in Sources */ = {isa = PBXBuildFile; fileRef = 2AAC038B241AD1F60083A6BE /* DetailViewController.swift */; };
		7C760E7FA17C92D5233E5916 /* Pods_SQLiteViewer.framework in Frameworks */ = {isa = PBXBuildFile; fileRef = 4B1568483C9390EBB2FF04D0 /* Pods_SQLiteViewer.framework */; };
/* End PBXBuildFile section */

/* Begin PBXFileReference section */
		2A31ECA1241B6A8500FBA461 /* Demo.db */ = {isa = PBXFileReference; lastKnownFileType = file; path = Demo.db; sourceTree = "<group>"; };
		2AAC035D241AB0B70083A6BE /* SQLiteViewer.app */ = {isa = PBXFileReference; explicitFileType = wrapper.application; includeInIndex = 0; path = SQLiteViewer.app; sourceTree = BUILT_PRODUCTS_DIR; };
		2AAC0360241AB0B70083A6BE /* AppDelegate.swift */ = {isa = PBXFileReference; lastKnownFileType = sourcecode.swift; path = AppDelegate.swift; sourceTree = "<group>"; };
		2AAC0362241AB0B70083A6BE /* SceneDelegate.swift */ = {isa = PBXFileReference; lastKnownFileType = sourcecode.swift; path = SceneDelegate.swift; sourceTree = "<group>"; };
		2AAC0364241AB0B70083A6BE /* InitialViewController.swift */ = {isa = PBXFileReference; lastKnownFileType = sourcecode.swift; path = InitialViewController.swift; sourceTree = "<group>"; };
		2AAC0367241AB0B70083A6BE /* Base */ = {isa = PBXFileReference; lastKnownFileType = file.storyboard; name = Base; path = Base.lproj/Main.storyboard; sourceTree = "<group>"; };
		2AAC0369241AB0B80083A6BE /* Assets.xcassets */ = {isa = PBXFileReference; lastKnownFileType = folder.assetcatalog; path = Assets.xcassets; sourceTree = "<group>"; };
		2AAC036C241AB0B80083A6BE /* Base */ = {isa = PBXFileReference; lastKnownFileType = file.storyboard; name = Base; path = Base.lproj/LaunchScreen.storyboard; sourceTree = "<group>"; };
		2AAC036E241AB0B80083A6BE /* Info.plist */ = {isa = PBXFileReference; lastKnownFileType = text.plist.xml; path = Info.plist; sourceTree = "<group>"; };
		2AAC0375241AB8800083A6BE /* Database.swift */ = {isa = PBXFileReference; fileEncoding = 4; lastKnownFileType = sourcecode.swift; path = Database.swift; sourceTree = "<group>"; };
		2AAC0376241AB8800083A6BE /* Schema.swift */ = {isa = PBXFileReference; fileEncoding = 4; lastKnownFileType = sourcecode.swift; path = Schema.swift; sourceTree = "<group>"; };
		2AAC0379241AB8BD0083A6BE /* libsqlite3.tbd */ = {isa = PBXFileReference; lastKnownFileType = "sourcecode.text-based-dylib-definition"; name = libsqlite3.tbd; path = usr/lib/libsqlite3.tbd; sourceTree = SDKROOT; };
		2AAC037B241AB9F20083A6BE /* SQLiteViewer-Bridging-Header.h */ = {isa = PBXFileReference; lastKnownFileType = sourcecode.c.h; path = "SQLiteViewer-Bridging-Header.h"; sourceTree = "<group>"; };
		2AAC037E241ABAE50083A6BE /* Resources.bundle */ = {isa = PBXFileReference; lastKnownFileType = "wrapper.plug-in"; path = Resources.bundle; sourceTree = "<group>"; };
		2AAC037F241ABAE50083A6BE /* SandboxBrowser.swift */ = {isa = PBXFileReference; fileEncoding = 4; lastKnownFileType = sourcecode.swift; path = SandboxBrowser.swift; sourceTree = "<group>"; };
		2AAC0384241ACC850083A6BE /* TablesViewController.swift */ = {isa = PBXFileReference; fileEncoding = 4; lastKnownFileType = sourcecode.swift; path = TablesViewController.swift; sourceTree = "<group>"; };
		2AAC0389241AD1F60083A6BE /* BrowseViewController.swift */ = {isa = PBXFileReference; fileEncoding = 4; lastKnownFileType = sourcecode.swift; path = BrowseViewController.swift; sourceTree = "<group>"; };
		2AAC038A241AD1F60083A6BE /* HeaderCell.swift */ = {isa = PBXFileReference; fileEncoding = 4; lastKnownFileType = sourcecode.swift; path = HeaderCell.swift; sourceTree = "<group>"; };
		2AAC038B241AD1F60083A6BE /* DetailViewController.swift */ = {isa = PBXFileReference; fileEncoding = 4; lastKnownFileType = sourcecode.swift; path = DetailViewController.swift; sourceTree = "<group>"; };
		4B1568483C9390EBB2FF04D0 /* Pods_SQLiteViewer.framework */ = {isa = PBXFileReference; explicitFileType = wrapper.framework; includeInIndex = 0; path = Pods_SQLiteViewer.framework; sourceTree = BUILT_PRODUCTS_DIR; };
		4F5AD690E486E82BC30FF663 /* Pods-SQLiteViewer.release.xcconfig */ = {isa = PBXFileReference; includeInIndex = 1; lastKnownFileType = text.xcconfig; name = "Pods-SQLiteViewer.release.xcconfig"; path = "Target Support Files/Pods-SQLiteViewer/Pods-SQLiteViewer.release.xcconfig"; sourceTree = "<group>"; };
		BC4374AF00ACC345D2358C32 /* Pods-SQLiteViewer.debug.xcconfig */ = {isa = PBXFileReference; includeInIndex = 1; lastKnownFileType = text.xcconfig; name = "Pods-SQLiteViewer.debug.xcconfig"; path = "Target Support Files/Pods-SQLiteViewer/Pods-SQLiteViewer.debug.xcconfig"; sourceTree = "<group>"; };
/* End PBXFileReference section */

/* Begin PBXFrameworksBuildPhase section */
		2AAC035A241AB0B70083A6BE /* Frameworks */ = {
			isa = PBXFrameworksBuildPhase;
			buildActionMask = 2147483647;
			files = (
				2AAC037A241AB8D30083A6BE /* libsqlite3.tbd in Frameworks */,
				7C760E7FA17C92D5233E5916 /* Pods_SQLiteViewer.framework in Frameworks */,
			);
			runOnlyForDeploymentPostprocessing = 0;
		};
/* End PBXFrameworksBuildPhase section */

/* Begin PBXGroup section */
		2AAC0354241AB0B70083A6BE = {
			isa = PBXGroup;
			children = (
				2AAC035F241AB0B70083A6BE /* SQLiteViewer */,
				2AAC035E241AB0B70083A6BE /* Products */,
				E37D4B66A43EC12FFCBA6727 /* Pods */,
				874FBA29E1B09082D1D02C85 /* Frameworks */,
			);
			sourceTree = "<group>";
		};
		2AAC035E241AB0B70083A6BE /* Products */ = {
			isa = PBXGroup;
			children = (
				2AAC035D241AB0B70083A6BE /* SQLiteViewer.app */,
			);
			name = Products;
			sourceTree = "<group>";
		};
		2AAC035F241AB0B70083A6BE /* SQLiteViewer */ = {
			isa = PBXGroup;
			children = (
				2AAC037C241ABAE50083A6BE /* SandboxBrowser */,
				2AAC0374241AB8800083A6BE /* Database */,
				2AAC0360241AB0B70083A6BE /* AppDelegate.swift */,
				2AAC0362241AB0B70083A6BE /* SceneDelegate.swift */,
				2AAC0364241AB0B70083A6BE /* InitialViewController.swift */,
				2AAC0388241AD1DB0083A6BE /* SQLBrowser */,
				2A31ECA1241B6A8500FBA461 /* Demo.db */,
				2AAC0366241AB0B70083A6BE /* Main.storyboard */,
				2AAC0369241AB0B80083A6BE /* Assets.xcassets */,
				2AAC036B241AB0B80083A6BE /* LaunchScreen.storyboard */,
				2AAC036E241AB0B80083A6BE /* Info.plist */,
				2AAC037B241AB9F20083A6BE /* SQLiteViewer-Bridging-Header.h */,
			);
			path = SQLiteViewer;
			sourceTree = "<group>";
		};
		2AAC0374241AB8800083A6BE /* Database */ = {
			isa = PBXGroup;
			children = (
				2AAC0375241AB8800083A6BE /* Database.swift */,
				2AAC0376241AB8800083A6BE /* Schema.swift */,
			);
			path = Database;
			sourceTree = "<group>";
		};
		2AAC037C241ABAE50083A6BE /* SandboxBrowser */ = {
			isa = PBXGroup;
			children = (
				2AAC037D241ABAE50083A6BE /* Resources */,
				2AAC037F241ABAE50083A6BE /* SandboxBrowser.swift */,
			);
			path = SandboxBrowser;
			sourceTree = "<group>";
		};
		2AAC037D241ABAE50083A6BE /* Resources */ = {
			isa = PBXGroup;
			children = (
				2AAC037E241ABAE50083A6BE /* Resources.bundle */,
			);
			path = Resources;
			sourceTree = "<group>";
		};
		2AAC0388241AD1DB0083A6BE /* SQLBrowser */ = {
			isa = PBXGroup;
			children = (
				2AAC0384241ACC850083A6BE /* TablesViewController.swift */,
				2AAC0389241AD1F60083A6BE /* BrowseViewController.swift */,
				2AAC038A241AD1F60083A6BE /* HeaderCell.swift */,
				2AAC038B241AD1F60083A6BE /* DetailViewController.swift */,
			);
			path = SQLBrowser;
			sourceTree = "<group>";
		};
		874FBA29E1B09082D1D02C85 /* Frameworks */ = {
			isa = PBXGroup;
			children = (
				2AAC0379241AB8BD0083A6BE /* libsqlite3.tbd */,
				4B1568483C9390EBB2FF04D0 /* Pods_SQLiteViewer.framework */,
			);
			name = Frameworks;
			sourceTree = "<group>";
		};
		E37D4B66A43EC12FFCBA6727 /* Pods */ = {
			isa = PBXGroup;
			children = (
				BC4374AF00ACC345D2358C32 /* Pods-SQLiteViewer.debug.xcconfig */,
				4F5AD690E486E82BC30FF663 /* Pods-SQLiteViewer.release.xcconfig */,
			);
			path = Pods;
			sourceTree = "<group>";
		};
/* End PBXGroup section */

/* Begin PBXNativeTarget section */
		2AAC035C241AB0B70083A6BE /* SQLiteViewer */ = {
			isa = PBXNativeTarget;
			buildConfigurationList = 2AAC0371241AB0B80083A6BE /* Build configuration list for PBXNativeTarget "SQLiteViewer" */;
			buildPhases = (
				8AF4A1CAE58AEE54F771C24E /* [CP] Check Pods Manifest.lock */,
				2AAC0359241AB0B70083A6BE /* Sources */,
				2AAC035A241AB0B70083A6BE /* Frameworks */,
				2AAC035B241AB0B70083A6BE /* Resources */,
				D6F7710E82FDA69270B8D410 /* [CP] Embed Pods Frameworks */,
			);
			buildRules = (
			);
			dependencies = (
			);
			name = SQLiteViewer;
			productName = SQLiteViewer;
			productReference = 2AAC035D241AB0B70083A6BE /* SQLiteViewer.app */;
			productType = "com.apple.product-type.application";
		};
/* End PBXNativeTarget section */

/* Begin PBXProject section */
		2AAC0355241AB0B70083A6BE /* Project object */ = {
			isa = PBXProject;
			attributes = {
				LastSwiftUpdateCheck = 1130;
				LastUpgradeCheck = 1130;
				ORGANIZATIONNAME = "Ezhil Adhavan";
				TargetAttributes = {
					2AAC035C241AB0B70083A6BE = {
						CreatedOnToolsVersion = 11.3.1;
					};
				};
			};
			buildConfigurationList = 2AAC0358241AB0B70083A6BE /* Build configuration list for PBXProject "SQLiteViewer" */;
			compatibilityVersion = "Xcode 9.3";
			developmentRegion = en;
			hasScannedForEncodings = 0;
			knownRegions = (
				en,
				Base,
			);
			mainGroup = 2AAC0354241AB0B70083A6BE;
			productRefGroup = 2AAC035E241AB0B70083A6BE /* Products */;
			projectDirPath = "";
			projectRoot = "";
			targets = (
				2AAC035C241AB0B70083A6BE /* SQLiteViewer */,
			);
		};
/* End PBXProject section */

/* Begin PBXResourcesBuildPhase section */
		2AAC035B241AB0B70083A6BE /* Resources */ = {
			isa = PBXResourcesBuildPhase;
			buildActionMask = 2147483647;
			files = (
				2A31ECA2241B6A8500FBA461 /* Demo.db in Resources */,
				2AAC036D241AB0B80083A6BE /* LaunchScreen.storyboard in Resources */,
				2AAC036A241AB0B80083A6BE /* Assets.xcassets in Resources */,
				2AAC0368241AB0B70083A6BE /* Main.storyboard in Resources */,
				2AAC0380241ABAE50083A6BE /* Resources.bundle in Resources */,
			);
			runOnlyForDeploymentPostprocessing = 0;
		};
/* End PBXResourcesBuildPhase section */

/* Begin PBXShellScriptBuildPhase section */
		8AF4A1CAE58AEE54F771C24E /* [CP] Check Pods Manifest.lock */ = {
			isa = PBXShellScriptBuildPhase;
			buildActionMask = 2147483647;
			files = (
			);
			inputFileListPaths = (
			);
			inputPaths = (
				"${PODS_PODFILE_DIR_PATH}/Podfile.lock",
				"${PODS_ROOT}/Manifest.lock",
			);
			name = "[CP] Check Pods Manifest.lock";
			outputFileListPaths = (
			);
			outputPaths = (
				"$(DERIVED_FILE_DIR)/Pods-SQLiteViewer-checkManifestLockResult.txt",
			);
			runOnlyForDeploymentPostprocessing = 0;
			shellPath = /bin/sh;
			shellScript = "diff \"${PODS_PODFILE_DIR_PATH}/Podfile.lock\" \"${PODS_ROOT}/Manifest.lock\" > /dev/null\nif [ $? != 0 ] ; then\n    # print error to STDERR\n    echo \"error: The sandbox is not in sync with the Podfile.lock. Run 'pod install' or update your CocoaPods installation.\" >&2\n    exit 1\nfi\n# This output is used by Xcode 'outputs' to avoid re-running this script phase.\necho \"SUCCESS\" > \"${SCRIPT_OUTPUT_FILE_0}\"\n";
			showEnvVarsInLog = 0;
		};
		D6F7710E82FDA69270B8D410 /* [CP] Embed Pods Frameworks */ = {
			isa = PBXShellScriptBuildPhase;
			buildActionMask = 2147483647;
			files = (
			);
			inputFileListPaths = (
				"${PODS_ROOT}/Target Support Files/Pods-SQLiteViewer/Pods-SQLiteViewer-frameworks-${CONFIGURATION}-input-files.xcfilelist",
			);
			name = "[CP] Embed Pods Frameworks";
			outputFileListPaths = (
				"${PODS_ROOT}/Target Support Files/Pods-SQLiteViewer/Pods-SQLiteViewer-frameworks-${CONFIGURATION}-output-files.xcfilelist",
			);
			runOnlyForDeploymentPostprocessing = 0;
			shellPath = /bin/sh;
			shellScript = "\"${PODS_ROOT}/Target Support Files/Pods-SQLiteViewer/Pods-SQLiteViewer-frameworks.sh\"\n";
			showEnvVarsInLog = 0;
		};
/* End PBXShellScriptBuildPhase section */

/* Begin PBXSourcesBuildPhase section */
		2AAC0359241AB0B70083A6BE /* Sources */ = {
			isa = PBXSourcesBuildPhase;
			buildActionMask = 2147483647;
			files = (
				2AAC0381241ABAE50083A6BE /* SandboxBrowser.swift in Sources */,
				2AAC0385241ACC850083A6BE /* TablesViewController.swift in Sources */,
				2AAC0365241AB0B70083A6BE /* InitialViewController.swift in Sources */,
				2AAC0361241AB0B70083A6BE /* AppDelegate.swift in Sources */,
				2AAC038D241AD1F60083A6BE /* HeaderCell.swift in Sources */,
				2AAC0377241AB8800083A6BE /* Database.swift in Sources */,
				2AAC0363241AB0B70083A6BE /* SceneDelegate.swift in Sources */,
				2AAC038E241AD1F60083A6BE /* DetailViewController.swift in Sources */,
				2AAC038C241AD1F60083A6BE /* BrowseViewController.swift in Sources */,
				2AAC0378241AB8800083A6BE /* Schema.swift in Sources */,
			);
			runOnlyForDeploymentPostprocessing = 0;
		};
/* End PBXSourcesBuildPhase section */

/* Begin PBXVariantGroup section */
		2AAC0366241AB0B70083A6BE /* Main.storyboard */ = {
			isa = PBXVariantGroup;
			children = (
				2AAC0367241AB0B70083A6BE /* Base */,
			);
			name = Main.storyboard;
			sourceTree = "<group>";
		};
		2AAC036B241AB0B80083A6BE /* LaunchScreen.storyboard */ = {
			isa = PBXVariantGroup;
			children = (
				2AAC036C241AB0B80083A6BE /* Base */,
			);
			name = LaunchScreen.storyboard;
			sourceTree = "<group>";
		};
/* End PBXVariantGroup section */

/* Begin XCBuildConfiguration section */
		2AAC036F241AB0B80083A6BE /* Debug */ = {
			isa = XCBuildConfiguration;
			buildSettings = {
				ALWAYS_SEARCH_USER_PATHS = NO;
				CLANG_ANALYZER_NONNULL = YES;
				CLANG_ANALYZER_NUMBER_OBJECT_CONVERSION = YES_AGGRESSIVE;
				CLANG_CXX_LANGUAGE_STANDARD = "gnu++14";
				CLANG_CXX_LIBRARY = "libc++";
				CLANG_ENABLE_MODULES = YES;
				CLANG_ENABLE_OBJC_ARC = YES;
				CLANG_ENABLE_OBJC_WEAK = YES;
				CLANG_WARN_BLOCK_CAPTURE_AUTORELEASING = YES;
				CLANG_WARN_BOOL_CONVERSION = YES;
				CLANG_WARN_COMMA = YES;
				CLANG_WARN_CONSTANT_CONVERSION = YES;
				CLANG_WARN_DEPRECATED_OBJC_IMPLEMENTATIONS = YES;
				CLANG_WARN_DIRECT_OBJC_ISA_USAGE = YES_ERROR;
				CLANG_WARN_DOCUMENTATION_COMMENTS = YES;
				CLANG_WARN_EMPTY_BODY = YES;
				CLANG_WARN_ENUM_CONVERSION = YES;
				CLANG_WARN_INFINITE_RECURSION = YES;
				CLANG_WARN_INT_CONVERSION = YES;
				CLANG_WARN_NON_LITERAL_NULL_CONVERSION = YES;
				CLANG_WARN_OBJC_IMPLICIT_RETAIN_SELF = YES;
				CLANG_WARN_OBJC_LITERAL_CONVERSION = YES;
				CLANG_WARN_OBJC_ROOT_CLASS = YES_ERROR;
				CLANG_WARN_RANGE_LOOP_ANALYSIS = YES;
				CLANG_WARN_STRICT_PROTOTYPES = YES;
				CLANG_WARN_SUSPICIOUS_MOVE = YES;
				CLANG_WARN_UNGUARDED_AVAILABILITY = YES_AGGRESSIVE;
				CLANG_WARN_UNREACHABLE_CODE = YES;
				CLANG_WARN__DUPLICATE_METHOD_MATCH = YES;
				COPY_PHASE_STRIP = NO;
				DEBUG_INFORMATION_FORMAT = dwarf;
				ENABLE_STRICT_OBJC_MSGSEND = YES;
				ENABLE_TESTABILITY = YES;
				GCC_C_LANGUAGE_STANDARD = gnu11;
				GCC_DYNAMIC_NO_PIC = NO;
				GCC_NO_COMMON_BLOCKS = YES;
				GCC_OPTIMIZATION_LEVEL = 0;
				GCC_PREPROCESSOR_DEFINITIONS = (
					"DEBUG=1",
					"$(inherited)",
				);
				GCC_WARN_64_TO_32_BIT_CONVERSION = YES;
				GCC_WARN_ABOUT_RETURN_TYPE = YES_ERROR;
				GCC_WARN_UNDECLARED_SELECTOR = YES;
				GCC_WARN_UNINITIALIZED_AUTOS = YES_AGGRESSIVE;
				GCC_WARN_UNUSED_FUNCTION = YES;
				GCC_WARN_UNUSED_VARIABLE = YES;
				IPHONEOS_DEPLOYMENT_TARGET = 13.2;
				MTL_ENABLE_DEBUG_INFO = INCLUDE_SOURCE;
				MTL_FAST_MATH = YES;
				ONLY_ACTIVE_ARCH = YES;
				SDKROOT = iphoneos;
				SWIFT_ACTIVE_COMPILATION_CONDITIONS = DEBUG;
				SWIFT_OPTIMIZATION_LEVEL = "-Onone";
			};
			name = Debug;
		};
		2AAC0370241AB0B80083A6BE /* Release */ = {
			isa = XCBuildConfiguration;
			buildSettings = {
				ALWAYS_SEARCH_USER_PATHS = NO;
				CLANG_ANALYZER_NONNULL = YES;
				CLANG_ANALYZER_NUMBER_OBJECT_CONVERSION = YES_AGGRESSIVE;
				CLANG_CXX_LANGUAGE_STANDARD = "gnu++14";
				CLANG_CXX_LIBRARY = "libc++";
				CLANG_ENABLE_MODULES = YES;
				CLANG_ENABLE_OBJC_ARC = YES;
				CLANG_ENABLE_OBJC_WEAK = YES;
				CLANG_WARN_BLOCK_CAPTURE_AUTORELEASING = YES;
				CLANG_WARN_BOOL_CONVERSION = YES;
				CLANG_WARN_COMMA = YES;
				CLANG_WARN_CONSTANT_CONVERSION = YES;
				CLANG_WARN_DEPRECATED_OBJC_IMPLEMENTATIONS = YES;
				CLANG_WARN_DIRECT_OBJC_ISA_USAGE = YES_ERROR;
				CLANG_WARN_DOCUMENTATION_COMMENTS = YES;
				CLANG_WARN_EMPTY_BODY = YES;
				CLANG_WARN_ENUM_CONVERSION = YES;
				CLANG_WARN_INFINITE_RECURSION = YES;
				CLANG_WARN_INT_CONVERSION = YES;
				CLANG_WARN_NON_LITERAL_NULL_CONVERSION = YES;
				CLANG_WARN_OBJC_IMPLICIT_RETAIN_SELF = YES;
				CLANG_WARN_OBJC_LITERAL_CONVERSION = YES;
				CLANG_WARN_OBJC_ROOT_CLASS = YES_ERROR;
				CLANG_WARN_RANGE_LOOP_ANALYSIS = YES;
				CLANG_WARN_STRICT_PROTOTYPES = YES;
				CLANG_WARN_SUSPICIOUS_MOVE = YES;
				CLANG_WARN_UNGUARDED_AVAILABILITY = YES_AGGRESSIVE;
				CLANG_WARN_UNREACHABLE_CODE = YES;
				CLANG_WARN__DUPLICATE_METHOD_MATCH = YES;
				COPY_PHASE_STRIP = NO;
				DEBUG_INFORMATION_FORMAT = "dwarf-with-dsym";
				ENABLE_NS_ASSERTIONS = NO;
				ENABLE_STRICT_OBJC_MSGSEND = YES;
				GCC_C_LANGUAGE_STANDARD = gnu11;
				GCC_NO_COMMON_BLOCKS = YES;
				GCC_WARN_64_TO_32_BIT_CONVERSION = YES;
				GCC_WARN_ABOUT_RETURN_TYPE = YES_ERROR;
				GCC_WARN_UNDECLARED_SELECTOR = YES;
				GCC_WARN_UNINITIALIZED_AUTOS = YES_AGGRESSIVE;
				GCC_WARN_UNUSED_FUNCTION = YES;
				GCC_WARN_UNUSED_VARIABLE = YES;
				IPHONEOS_DEPLOYMENT_TARGET = 13.2;
				MTL_ENABLE_DEBUG_INFO = NO;
				MTL_FAST_MATH = YES;
				SDKROOT = iphoneos;
				SWIFT_COMPILATION_MODE = wholemodule;
				SWIFT_OPTIMIZATION_LEVEL = "-O";
				VALIDATE_PRODUCT = YES;
			};
			name = Release;
		};
		2AAC0372241AB0B80083A6BE /* Debug */ = {
			isa = XCBuildConfiguration;
			baseConfigurationReference = BC4374AF00ACC345D2358C32 /* Pods-SQLiteViewer.debug.xcconfig */;
			buildSettings = {
				ASSETCATALOG_COMPILER_APPICON_NAME = AppIcon;
				CODE_SIGN_STYLE = Automatic;
				DEVELOPMENT_TEAM = P9ZP47VQX2;
				INFOPLIST_FILE = SQLiteViewer/Info.plist;
				IPHONEOS_DEPLOYMENT_TARGET = 12.0;
				LD_RUNPATH_SEARCH_PATHS = (
					"$(inherited)",
					"@executable_path/Frameworks",
				);
				PRODUCT_BUNDLE_IDENTIFIER = com.inkian.SQLiteViewer;
				PRODUCT_NAME = "$(TARGET_NAME)";
				SWIFT_OBJC_BRIDGING_HEADER = "SQLiteViewer/SQLiteViewer-Bridging-Header.h";
				SWIFT_VERSION = 4.2;
				TARGETED_DEVICE_FAMILY = "1,2";
			};
			name = Debug;
		};
		2AAC0373241AB0B80083A6BE /* Release */ = {
			isa = XCBuildConfiguration;
			baseConfigurationReference = 4F5AD690E486E82BC30FF663 /* Pods-SQLiteViewer.release.xcconfig */;
			buildSettings = {
				ASSETCATALOG_COMPILER_APPICON_NAME = AppIcon;
				CODE_SIGN_STYLE = Automatic;
				DEVELOPMENT_TEAM = P9ZP47VQX2;
				INFOPLIST_FILE = SQLiteViewer/Info.plist;
				IPHONEOS_DEPLOYMENT_TARGET = 12.0;
				LD_RUNPATH_SEARCH_PATHS = (
					"$(inherited)",
					"@executable_path/Frameworks",
				);
				PRODUCT_BUNDLE_IDENTIFIER = com.inkian.SQLiteViewer;
				PRODUCT_NAME = "$(TARGET_NAME)";
				SWIFT_OBJC_BRIDGING_HEADER = "SQLiteViewer/SQLiteViewer-Bridging-Header.h";
				SWIFT_VERSION = 4.2;
				TARGETED_DEVICE_FAMILY = "1,2";
			};
			name = Release;
		};
/* End XCBuildConfiguration section */

/* Begin XCConfigurationList section */
		2AAC0358241AB0B70083A6BE /* Build configuration list for PBXProject "SQLiteViewer" */ = {
			isa = XCConfigurationList;
			buildConfigurations = (
				2AAC036F241AB0B80083A6BE /* Debug */,
				2AAC0370241AB0B80083A6BE /* Release */,
			);
			defaultConfigurationIsVisible = 0;
			defaultConfigurationName = Release;
		};
		2AAC0371241AB0B80083A6BE /* Build configuration list for PBXNativeTarget "SQLiteViewer" */ = {
			isa = XCConfigurationList;
			buildConfigurations = (
				2AAC0372241AB0B80083A6BE /* Debug */,
				2AAC0373241AB0B80083A6BE /* Release */,
			);
			defaultConfigurationIsVisible = 0;
			defaultConfigurationName = Release;
		};
/* End XCConfigurationList section */
	};
	rootObject = 2AAC0355241AB0B70083A6BE /* Project object */;
}
